
Microsoft Visual Studio Solution File, Format Version 12.00
# Visual Studio Version 16
VisualStudioVersion = 16.0.30523.141
MinimumVisualStudioVersion = 10.0.40219.1
Project("{FAE04EC0-301F-11D3-BF4B-00C04F79EFBC}") = "CombinedServices", "CombinedServices.csproj", "{586DCFC7-3C8B-4766-9E21-AAB4D1534569}"
EndProject
Project("{FAE04EC0-301F-11D3-BF4B-00C04F79EFBC}") = "WebsiteStringUI", "..\WebsiteStringUI\WebsiteStringUI.csproj", "{C0CD73CE-8074-439A-B88E-415123B604E7}"
	ProjectSection(ProjectDependencies) = postProject
		{586DCFC7-3C8B-4766-9E21-AAB4D1534569} = {586DCFC7-3C8B-4766-9E21-AAB4D1534569}
	EndProjectSection
EndProject
Project("{FAE04EC0-301F-11D3-BF4B-00C04F79EFBC}") = "AirQualityService", "..\AirQualityService\AirQualityService.csproj", "{7B19BE73-11E1-4F91-9C9E-70B2488551A7}"
EndProject
Global
	GlobalSection(SolutionConfigurationPlatforms) = preSolution
		Debug|Any CPU = Debug|Any CPU
		Release|Any CPU = Release|Any CPU
	EndGlobalSection
	GlobalSection(ProjectConfigurationPlatforms) = postSolution
		{586DCFC7-3C8B-4766-9E21-AAB4D1534569}.Debug|Any CPU.ActiveCfg = Debug|Any CPU
		{586DCFC7-3C8B-4766-9E21-AAB4D1534569}.Debug|Any CPU.Build.0 = Debug|Any CPU
		{586DCFC7-3C8B-4766-9E21-AAB4D1534569}.Release|Any CPU.ActiveCfg = Release|Any CPU
		{586DCFC7-3C8B-4766-9E21-AAB4D1534569}.Release|Any CPU.Build.0 = Release|Any CPU
		{C0CD73CE-8074-439A-B88E-415123B604E7}.Debug|Any CPU.ActiveCfg = Debug|Any CPU
		{C0CD73CE-8074-439A-B88E-415123B604E7}.Debug|Any CPU.Build.0 = Debug|Any CPU
		{C0CD73CE-8074-439A-B88E-415123B604E7}.Release|Any CPU.ActiveCfg = Release|Any CPU
		{C0CD73CE-8074-439A-B88E-415123B604E7}.Release|Any CPU.Build.0 = Release|Any CPU
		{7B19BE73-11E1-4F91-9C9E-70B2488551A7}.Debug|Any CPU.ActiveCfg = Debug|Any CPU
		{7B19BE73-11E1-4F91-9C9E-70B2488551A7}.Debug|Any CPU.Build.0 = Debug|Any CPU
		{7B19BE73-11E1-4F91-9C9E-70B2488551A7}.Release|Any CPU.ActiveCfg = Release|Any CPU
		{7B19BE73-11E1-4F91-9C9E-70B2488551A7}.Release|Any CPU.Build.0 = Release|Any CPU
	EndGlobalSection
	GlobalSection(SolutionProperties) = preSolution
		HideSolutionNode = FALSE
	EndGlobalSection
	GlobalSection(ExtensibilityGlobals) = postSolution
		SolutionGuid = {F453D7C0-8C6A-4102-AD3A-443A85347A5B}
	EndGlobalSection
EndGlobal
